{
  "name": "react-native-text-avatar",
  "version": "1.0.0",
  "lockfileVersion": 1,
  "requires": true,
  "dependencies": {
    "initials": {
      "version": "3.0.0",
      "resolved": "https://registry.npmjs.org/initials/-/initials-3.0.0.tgz",
      "integrity": "sha512-yUmhaPDhOBzQQ3P+Fx6o/oHLmbKtbMQsXkaF8vEMtKk8EEaGYwza6NAl+hwUGufmVqTGfxNLS3tsCygKXxpdmQ=="
    }
  }
}
